
Microsoft Visual Studio Solution File, Format Version 12.00
# Visual Studio Version 16
VisualStudioVersion = 16.0.30621.155
MinimumVisualStudioVersion = 10.0.40219.1
Project("{FAE04EC0-301F-11D3-BF4B-00C04F79EFBC}") = "BIBWeb", "BIBWeb\BIBWeb.csproj", "{3E295DB2-2CCA-4BAA-AD7A-42939116E287}"
EndProject
Project("{FAE04EC0-301F-11D3-BF4B-00C04F79EFBC}") = "BIBData", "BIBData\BIBData.csproj", "{70A10E5E-DA13-49B0-8BBA-55ECAF421738}"
EndProject
Global
	GlobalSection(SolutionConfigurationPlatforms) = preSolution
		Debug|Any CPU = Debug|Any CPU
		Release|Any CPU = Release|Any CPU
	EndGlobalSection
	GlobalSection(ProjectConfigurationPlatforms) = postSolution
		{3E295DB2-2CCA-4BAA-AD7A-42939116E287}.Debug|Any CPU.ActiveCfg = Debug|Any CPU
		{3E295DB2-2CCA-4BAA-AD7A-42939116E287}.Debug|Any CPU.Build.0 = Debug|Any CPU
		{3E295DB2-2CCA-4BAA-AD7A-42939116E287}.Release|Any CPU.ActiveCfg = Release|Any CPU
		{3E295DB2-2CCA-4BAA-AD7A-42939116E287}.Release|Any CPU.Build.0 = Release|Any CPU
		{70A10E5E-DA13-49B0-8BBA-55ECAF421738}.Debug|Any CPU.ActiveCfg = Debug|Any CPU
		{70A10E5E-DA13-49B0-8BBA-55ECAF421738}.Debug|Any CPU.Build.0 = Debug|Any CPU
		{70A10E5E-DA13-49B0-8BBA-55ECAF421738}.Release|Any CPU.ActiveCfg = Release|Any CPU
		{70A10E5E-DA13-49B0-8BBA-55ECAF421738}.Release|Any CPU.Build.0 = Release|Any CPU
	EndGlobalSection
	GlobalSection(SolutionProperties) = preSolution
		HideSolutionNode = FALSE
	EndGlobalSection
	GlobalSection(ExtensibilityGlobals) = postSolution
		SolutionGuid = {11DAB5DC-BEA1-492B-8479-56D54935B3FC}
	EndGlobalSection
EndGlobal
